
Microsoft Visual Studio Solution File, Format Version 12.00
# Visual Studio 15
VisualStudioVersion = 15.0.27428.2015
MinimumVisualStudioVersion = 10.0.40219.1
Project("{FAE04EC0-301F-11D3-BF4B-00C04F79EFBC}") = "Example2", "Example2\Example2.csproj", "{4DCBAB7C-4CE8-4809-A8B4-B11A95E03106}"
EndProject
Project("{FAE04EC0-301F-11D3-BF4B-00C04F79EFBC}") = "Example3", "Example3\Example3.csproj", "{F41B5A45-FB77-4A9C-848D-24489E71978E}"
EndProject
Project("{FAE04EC0-301F-11D3-BF4B-00C04F79EFBC}") = "Example1", "Example1\Example1.csproj", "{842E3D00-7B3E-44D2-949A-6A5406E421C2}"
EndProject
Project("{FAE04EC0-301F-11D3-BF4B-00C04F79EFBC}") = "Example4", "Example4\Example4.csproj", "{9BEDFBCC-4797-404C-AA23-A06B2E71B4FA}"
EndProject
Global
	GlobalSection(SolutionConfigurationPlatforms) = preSolution
		Debug|Any CPU = Debug|Any CPU
		Release|Any CPU = Release|Any CPU
	EndGlobalSection
	GlobalSection(ProjectConfigurationPlatforms) = postSolution
		{4DCBAB7C-4CE8-4809-A8B4-B11A95E03106}.Debug|Any CPU.ActiveCfg = Debug|Any CPU
		{4DCBAB7C-4CE8-4809-A8B4-B11A95E03106}.Debug|Any CPU.Build.0 = Debug|Any CPU
		{4DCBAB7C-4CE8-4809-A8B4-B11A95E03106}.Release|Any CPU.ActiveCfg = Release|Any CPU
		{4DCBAB7C-4CE8-4809-A8B4-B11A95E03106}.Release|Any CPU.Build.0 = Release|Any CPU
		{F41B5A45-FB77-4A9C-848D-24489E71978E}.Debug|Any CPU.ActiveCfg = Debug|Any CPU
		{F41B5A45-FB77-4A9C-848D-24489E71978E}.Debug|Any CPU.Build.0 = Debug|Any CPU
		{F41B5A45-FB77-4A9C-848D-24489E71978E}.Release|Any CPU.ActiveCfg = Release|Any CPU
		{F41B5A45-FB77-4A9C-848D-24489E71978E}.Release|Any CPU.Build.0 = Release|Any CPU
		{842E3D00-7B3E-44D2-949A-6A5406E421C2}.Debug|Any CPU.ActiveCfg = Debug|Any CPU
		{842E3D00-7B3E-44D2-949A-6A5406E421C2}.Debug|Any CPU.Build.0 = Debug|Any CPU
		{842E3D00-7B3E-44D2-949A-6A5406E421C2}.Release|Any CPU.ActiveCfg = Release|Any CPU
		{842E3D00-7B3E-44D2-949A-6A5406E421C2}.Release|Any CPU.Build.0 = Release|Any CPU
		{9BEDFBCC-4797-404C-AA23-A06B2E71B4FA}.Debug|Any CPU.ActiveCfg = Debug|Any CPU
		{9BEDFBCC-4797-404C-AA23-A06B2E71B4FA}.Debug|Any CPU.Build.0 = Debug|Any CPU
		{9BEDFBCC-4797-404C-AA23-A06B2E71B4FA}.Release|Any CPU.ActiveCfg = Release|Any CPU
		{9BEDFBCC-4797-404C-AA23-A06B2E71B4FA}.Release|Any CPU.Build.0 = Release|Any CPU
	EndGlobalSection
	GlobalSection(SolutionProperties) = preSolution
		HideSolutionNode = FALSE
	EndGlobalSection
	GlobalSection(ExtensibilityGlobals) = postSolution
		SolutionGuid = {EAF48867-52F7-4F2A-9E65-0AC07542C48F}
	EndGlobalSection
EndGlobal
